
Microsoft Visual Studio Solution File, Format Version 12.00
# Visual Studio Version 17
VisualStudioVersion = 17.8.34525.116
MinimumVisualStudioVersion = 10.0.40219.1
Project("{FAE04EC0-301F-11D3-BF4B-00C04F79EFBC}") = "pp", "pp\pp.csproj", "{02003319-731C-4D6E-9C96-DA0171244FEE}"
EndProject
Global
	GlobalSection(SolutionConfigurationPlatforms) = preSolution
		Debug|Any CPU = Debug|Any CPU
		Release|Any CPU = Release|Any CPU
	EndGlobalSection
	GlobalSection(ProjectConfigurationPlatforms) = postSolution
		{02003319-731C-4D6E-9C96-DA0171244FEE}.Debug|Any CPU.ActiveCfg = Debug|Any CPU
		{02003319-731C-4D6E-9C96-DA0171244FEE}.Debug|Any CPU.Build.0 = Debug|Any CPU
		{02003319-731C-4D6E-9C96-DA0171244FEE}.Release|Any CPU.ActiveCfg = Release|Any CPU
		{02003319-731C-4D6E-9C96-DA0171244FEE}.Release|Any CPU.Build.0 = Release|Any CPU
	EndGlobalSection
	GlobalSection(SolutionProperties) = preSolution
		HideSolutionNode = FALSE
	EndGlobalSection
	GlobalSection(ExtensibilityGlobals) = postSolution
		SolutionGuid = {D6779BE0-548A-4FB5-93AB-9853338E0E0D}
	EndGlobalSection
EndGlobal
